// !$*UTF8*$!
{
	archiveVersion = 1;
	classes = {
	};
	objectVersion = 56;
	objects = {

/* Begin PBXBuildFile section */
		D5048BC52A6657AA00C952E9 /* Starscream in Frameworks */ = {isa = PBXBuildFile; productRef = D5048BC42A6657AA00C952E9 /* Starscream */; };
		D5048BC82A6657C300C952E9 /* RxCocoa in Frameworks */ = {isa = PBXBuildFile; productRef = D5048BC72A6657C300C952E9 /* RxCocoa */; };
		D5048BCA2A6657C300C952E9 /* RxRelay in Frameworks */ = {isa = PBXBuildFile; productRef = D5048BC92A6657C300C952E9 /* RxRelay */; };
		D5048BCC2A6657C300C952E9 /* RxSwift in Frameworks */ = {isa = PBXBuildFile; productRef = D5048BCB2A6657C300C952E9 /* RxSwift */; };
		D5048BCF2A6657D400C952E9 /* SnapKit in Frameworks */ = {isa = PBXBuildFile; productRef = D5048BCE2A6657D400C952E9 /* SnapKit */; };
		D5048BD22A66580200C952E9 /* Moya in Frameworks */ = {isa = PBXBuildFile; productRef = D5048BD12A66580200C952E9 /* Moya */; };
		D5048BD42A66580200C952E9 /* RxMoya in Frameworks */ = {isa = PBXBuildFile; productRef = D5048BD32A66580200C952E9 /* RxMoya */; };
		D5048BD72A66584300C952E9 /* Lottie in Frameworks */ = {isa = PBXBuildFile; productRef = D5048BD62A66584300C952E9 /* Lottie */; };
		D5048BDA2A665EE700C952E9 /* UIColor+Extension.swift in Sources */ = {isa = PBXBuildFile; fileRef = D5048BD92A665EE700C952E9 /* UIColor+Extension.swift */; };
		D5048BDC2A66620600C952E9 /* UIImage+Extension.swift in Sources */ = {isa = PBXBuildFile; fileRef = D5048BDB2A66620600C952E9 /* UIImage+Extension.swift */; };
		D53A216A2A5C27F700D3516F /* AppDelegate.swift in Sources */ = {isa = PBXBuildFile; fileRef = D53A21692A5C27F700D3516F /* AppDelegate.swift */; };
		D53A216C2A5C27F700D3516F /* SceneDelegate.swift in Sources */ = {isa = PBXBuildFile; fileRef = D53A216B2A5C27F700D3516F /* SceneDelegate.swift */; };
		D53A21732A5C27F800D3516F /* Assets.xcassets in Resources */ = {isa = PBXBuildFile; fileRef = D53A21722A5C27F800D3516F /* Assets.xcassets */; };
		D53A21762A5C27F800D3516F /* LaunchScreen.storyboard in Resources */ = {isa = PBXBuildFile; fileRef = D53A21742A5C27F800D3516F /* LaunchScreen.storyboard */; };
		D53A21812A5C27F800D3516F /* FallingTests.swift in Sources */ = {isa = PBXBuildFile; fileRef = D53A21802A5C27F800D3516F /* FallingTests.swift */; };
		D53A218B2A5C27F800D3516F /* FallingUITests.swift in Sources */ = {isa = PBXBuildFile; fileRef = D53A218A2A5C27F800D3516F /* FallingUITests.swift */; };
		D53A218D2A5C27F800D3516F /* FallingUITestsLaunchTests.swift in Sources */ = {isa = PBXBuildFile; fileRef = D53A218C2A5C27F800D3516F /* FallingUITestsLaunchTests.swift */; };
		D53A21A02A5C2DCF00D3516F /* SplashViewController.swift in Sources */ = {isa = PBXBuildFile; fileRef = D53A219F2A5C2DCF00D3516F /* SplashViewController.swift */; };
		D57E63AB2A5D159B00C40BEB /* APIError.swift in Sources */ = {isa = PBXBuildFile; fileRef = D57E63AA2A5D159B00C40BEB /* APIError.swift */; };
		D57E63AD2A5D18D000C40BEB /* ChatListViewController.swift in Sources */ = {isa = PBXBuildFile; fileRef = D57E63AC2A5D18D000C40BEB /* ChatListViewController.swift */; };
		D5AE5D4F2A6037D4000188AF /* SnapKit in Frameworks */ = {isa = PBXBuildFile; productRef = D5AE5D4E2A6037D4000188AF /* SnapKit */; };
		D57E63B22A5D71B500C40BEB /* Starscream in Frameworks */ = {isa = PBXBuildFile; productRef = D57E63B12A5D71B500C40BEB /* Starscream */; };
		D57E63B52A5D71CC00C40BEB /* Moya in Frameworks */ = {isa = PBXBuildFile; productRef = D57E63B42A5D71CC00C40BEB /* Moya */; };
		D57E63B82A5D71DA00C40BEB /* SnapKit in Frameworks */ = {isa = PBXBuildFile; productRef = D57E63B72A5D71DA00C40BEB /* SnapKit */; };
		D57E63B22A5D71B500C40BEB /* (null) in Frameworks */ = {isa = PBXBuildFile; };
		D57E63B52A5D71CC00C40BEB /* (null) in Frameworks */ = {isa = PBXBuildFile; };
		D57E63B82A5D71DA00C40BEB /* (null) in Frameworks */ = {isa = PBXBuildFile; };
		D5AE5D4F2A6037D4000188AF /* (null) in Frameworks */ = {isa = PBXBuildFile; };
		D5B6BD442A5C351200668C16 /* BaseTargetType.swift in Sources */ = {isa = PBXBuildFile; fileRef = D5B6BD432A5C351200668C16 /* BaseTargetType.swift */; };
		D5B6BD462A5C35D100668C16 /* ResponseData.swift in Sources */ = {isa = PBXBuildFile; fileRef = D5B6BD452A5C35D100668C16 /* ResponseData.swift */; };
		D5B6BD482A5C370C00668C16 /* Networkable.swift in Sources */ = {isa = PBXBuildFile; fileRef = D5B6BD472A5C370C00668C16 /* Networkable.swift */; };
		D5B6BD4A2A5C372B00668C16 /* NetworkLoggerPlugin.swift in Sources */ = {isa = PBXBuildFile; fileRef = D5B6BD492A5C372B00668C16 /* NetworkLoggerPlugin.swift */; };
		D5B6BD4C2A5C37F000668C16 /* UserAPI.swift in Sources */ = {isa = PBXBuildFile; fileRef = D5B6BD4B2A5C37F000668C16 /* UserAPI.swift */; };
		D5B6BD4F2A5C380C00668C16 /* UserTarget.swift in Sources */ = {isa = PBXBuildFile; fileRef = D5B6BD4E2A5C380C00668C16 /* UserTarget.swift */; };
		D5B6BD512A5C40EA00668C16 /* UserRequest.swift in Sources */ = {isa = PBXBuildFile; fileRef = D5B6BD502A5C40EA00668C16 /* UserRequest.swift */; };
		D5FE31FA2A650CA0000B284D /* RxCocoa in Frameworks */ = {isa = PBXBuildFile; productRef = D5FE31F92A650CA0000B284D /* RxCocoa */; };
		D5FE31FC2A650CA0000B284D /* RxRelay in Frameworks */ = {isa = PBXBuildFile; productRef = D5FE31FB2A650CA0000B284D /* RxRelay */; };
		D5FE31FE2A650CA0000B284D /* RxSwift in Frameworks */ = {isa = PBXBuildFile; productRef = D5FE31FD2A650CA0000B284D /* RxSwift */; };
		D5FE32012A651014000B284D /* Kingfisher in Frameworks */ = {isa = PBXBuildFile; productRef = D5FE32002A651014000B284D /* Kingfisher */; };
		D5FE32042A651044000B284D /* Starscream in Frameworks */ = {isa = PBXBuildFile; productRef = D5FE32032A651044000B284D /* Starscream */; };
		FE1185D92A5EEE3A007E9DFA /* Moya in Frameworks */ = {isa = PBXBuildFile; productRef = FE1185D82A5EEE3A007E9DFA /* Moya */; };
		FE1185DB2A5EEE3A007E9DFA /* RxMoya in Frameworks */ = {isa = PBXBuildFile; productRef = FE1185DA2A5EEE3A007E9DFA /* RxMoya */; };
		FE1186142A642960007E9DFA /* SignUpRootViewController.swift in Sources */ = {isa = PBXBuildFile; fileRef = FE1186132A642960007E9DFA /* SignUpRootViewController.swift */; };
		FE1186172A642997007E9DFA /* RxKeyboard in Frameworks */ = {isa = PBXBuildFile; productRef = FE1186162A642997007E9DFA /* RxKeyboard */; };
		FE1186202A643D84007E9DFA /* Then in Frameworks */ = {isa = PBXBuildFile; productRef = FE11861F2A643D84007E9DFA /* Then */; };
		FE1186372A658A3B007E9DFA /* UIFont+Extension.swift in Sources */ = {isa = PBXBuildFile; fileRef = FE1186362A658A3B007E9DFA /* UIFont+Extension.swift */; };
		FE11863E2A658AA8007E9DFA /* Pretendard-Regular.ttf in Resources */ = {isa = PBXBuildFile; fileRef = FE1186392A658AA7007E9DFA /* Pretendard-Regular.ttf */; };
		FE11863F2A658AA8007E9DFA /* Pretendard-ExtraBold.ttf in Resources */ = {isa = PBXBuildFile; fileRef = FE11863A2A658AA7007E9DFA /* Pretendard-ExtraBold.ttf */; };
		FE1186402A658AA8007E9DFA /* Pretendard-Bold.ttf in Resources */ = {isa = PBXBuildFile; fileRef = FE11863B2A658AA7007E9DFA /* Pretendard-Bold.ttf */; };
		FE1186412A658AA8007E9DFA /* Pretendard-SemiBold.ttf in Resources */ = {isa = PBXBuildFile; fileRef = FE11863C2A658AA7007E9DFA /* Pretendard-SemiBold.ttf */; };
		FE1186422A658AA8007E9DFA /* Pretendard-Medium.ttf in Resources */ = {isa = PBXBuildFile; fileRef = FE11863D2A658AA7007E9DFA /* Pretendard-Medium.ttf */; };
		D5FE31FA2A650CA0000B284D /* (null) in Frameworks */ = {isa = PBXBuildFile; };
		D5FE31FC2A650CA0000B284D /* (null) in Frameworks */ = {isa = PBXBuildFile; };
		D5FE31FE2A650CA0000B284D /* (null) in Frameworks */ = {isa = PBXBuildFile; };
		D5FE32012A651014000B284D /* (null) in Frameworks */ = {isa = PBXBuildFile; };
		D5FE32042A651044000B284D /* (null) in Frameworks */ = {isa = PBXBuildFile; };
		FE1185D92A5EEE3A007E9DFA /* (null) in Frameworks */ = {isa = PBXBuildFile; };
		FE1185DB2A5EEE3A007E9DFA /* (null) in Frameworks */ = {isa = PBXBuildFile; };
/* End PBXBuildFile section */

/* Begin PBXContainerItemProxy section */
		D53A217D2A5C27F800D3516F /* PBXContainerItemProxy */ = {
			isa = PBXContainerItemProxy;
			containerPortal = D53A215E2A5C27F700D3516F /* Project object */;
			proxyType = 1;
			remoteGlobalIDString = D53A21652A5C27F700D3516F;
			remoteInfo = Falling;
		};
		D53A21872A5C27F800D3516F /* PBXContainerItemProxy */ = {
			isa = PBXContainerItemProxy;
			containerPortal = D53A215E2A5C27F700D3516F /* Project object */;
			proxyType = 1;
			remoteGlobalIDString = D53A21652A5C27F700D3516F;
			remoteInfo = Falling;
		};
/* End PBXContainerItemProxy section */

/* Begin PBXFileReference section */
		D5048BD92A665EE700C952E9 /* UIColor+Extension.swift */ = {isa = PBXFileReference; lastKnownFileType = sourcecode.swift; path = "UIColor+Extension.swift"; sourceTree = "<group>"; };
		D5048BDB2A66620600C952E9 /* UIImage+Extension.swift */ = {isa = PBXFileReference; lastKnownFileType = sourcecode.swift; path = "UIImage+Extension.swift"; sourceTree = "<group>"; };
		D53A21662A5C27F700D3516F /* Falling.app */ = {isa = PBXFileReference; explicitFileType = wrapper.application; includeInIndex = 0; path = Falling.app; sourceTree = BUILT_PRODUCTS_DIR; };
		D53A21692A5C27F700D3516F /* AppDelegate.swift */ = {isa = PBXFileReference; lastKnownFileType = sourcecode.swift; path = AppDelegate.swift; sourceTree = "<group>"; };
		D53A216B2A5C27F700D3516F /* SceneDelegate.swift */ = {isa = PBXFileReference; lastKnownFileType = sourcecode.swift; path = SceneDelegate.swift; sourceTree = "<group>"; };
		D53A21722A5C27F800D3516F /* Assets.xcassets */ = {isa = PBXFileReference; lastKnownFileType = folder.assetcatalog; path = Assets.xcassets; sourceTree = "<group>"; };
		D53A21752A5C27F800D3516F /* Base */ = {isa = PBXFileReference; lastKnownFileType = file.storyboard; name = Base; path = Base.lproj/LaunchScreen.storyboard; sourceTree = "<group>"; };
		D53A21772A5C27F800D3516F /* Info.plist */ = {isa = PBXFileReference; lastKnownFileType = text.plist.xml; path = Info.plist; sourceTree = "<group>"; };
		D53A217C2A5C27F800D3516F /* FallingTests.xctest */ = {isa = PBXFileReference; explicitFileType = wrapper.cfbundle; includeInIndex = 0; path = FallingTests.xctest; sourceTree = BUILT_PRODUCTS_DIR; };
		D53A21802A5C27F800D3516F /* FallingTests.swift */ = {isa = PBXFileReference; lastKnownFileType = sourcecode.swift; path = FallingTests.swift; sourceTree = "<group>"; };
		D53A21862A5C27F800D3516F /* FallingUITests.xctest */ = {isa = PBXFileReference; explicitFileType = wrapper.cfbundle; includeInIndex = 0; path = FallingUITests.xctest; sourceTree = BUILT_PRODUCTS_DIR; };
		D53A218A2A5C27F800D3516F /* FallingUITests.swift */ = {isa = PBXFileReference; lastKnownFileType = sourcecode.swift; path = FallingUITests.swift; sourceTree = "<group>"; };
		D53A218C2A5C27F800D3516F /* FallingUITestsLaunchTests.swift */ = {isa = PBXFileReference; lastKnownFileType = sourcecode.swift; path = FallingUITestsLaunchTests.swift; sourceTree = "<group>"; };
		D53A219F2A5C2DCF00D3516F /* SplashViewController.swift */ = {isa = PBXFileReference; lastKnownFileType = sourcecode.swift; path = SplashViewController.swift; sourceTree = "<group>"; };
		D57E63AA2A5D159B00C40BEB /* APIError.swift */ = {isa = PBXFileReference; lastKnownFileType = sourcecode.swift; path = APIError.swift; sourceTree = "<group>"; };
		D57E63AC2A5D18D000C40BEB /* ChatListViewController.swift */ = {isa = PBXFileReference; lastKnownFileType = sourcecode.swift; path = ChatListViewController.swift; sourceTree = "<group>"; };
		D5B6BD432A5C351200668C16 /* BaseTargetType.swift */ = {isa = PBXFileReference; lastKnownFileType = sourcecode.swift; path = BaseTargetType.swift; sourceTree = "<group>"; };
		D5B6BD452A5C35D100668C16 /* ResponseData.swift */ = {isa = PBXFileReference; lastKnownFileType = sourcecode.swift; path = ResponseData.swift; sourceTree = "<group>"; };
		D5B6BD472A5C370C00668C16 /* Networkable.swift */ = {isa = PBXFileReference; lastKnownFileType = sourcecode.swift; path = Networkable.swift; sourceTree = "<group>"; };
		D5B6BD492A5C372B00668C16 /* NetworkLoggerPlugin.swift */ = {isa = PBXFileReference; lastKnownFileType = sourcecode.swift; path = NetworkLoggerPlugin.swift; sourceTree = "<group>"; };
		D5B6BD4B2A5C37F000668C16 /* UserAPI.swift */ = {isa = PBXFileReference; indentWidth = 4; lastKnownFileType = sourcecode.swift; path = UserAPI.swift; sourceTree = "<group>"; tabWidth = 4; };
		D5B6BD4E2A5C380C00668C16 /* UserTarget.swift */ = {isa = PBXFileReference; lastKnownFileType = sourcecode.swift; path = UserTarget.swift; sourceTree = "<group>"; };
		D5B6BD502A5C40EA00668C16 /* UserRequest.swift */ = {isa = PBXFileReference; lastKnownFileType = sourcecode.swift; path = UserRequest.swift; sourceTree = "<group>"; };
		FE1186132A642960007E9DFA /* SignUpRootViewController.swift */ = {isa = PBXFileReference; lastKnownFileType = sourcecode.swift; path = SignUpRootViewController.swift; sourceTree = "<group>"; };
		FE1186362A658A3B007E9DFA /* UIFont+Extension.swift */ = {isa = PBXFileReference; lastKnownFileType = sourcecode.swift; path = "UIFont+Extension.swift"; sourceTree = "<group>"; };
		FE1186392A658AA7007E9DFA /* Pretendard-Regular.ttf */ = {isa = PBXFileReference; lastKnownFileType = file; path = "Pretendard-Regular.ttf"; sourceTree = "<group>"; };
		FE11863A2A658AA7007E9DFA /* Pretendard-ExtraBold.ttf */ = {isa = PBXFileReference; lastKnownFileType = file; path = "Pretendard-ExtraBold.ttf"; sourceTree = "<group>"; };
		FE11863B2A658AA7007E9DFA /* Pretendard-Bold.ttf */ = {isa = PBXFileReference; lastKnownFileType = file; path = "Pretendard-Bold.ttf"; sourceTree = "<group>"; };
		FE11863C2A658AA7007E9DFA /* Pretendard-SemiBold.ttf */ = {isa = PBXFileReference; lastKnownFileType = file; path = "Pretendard-SemiBold.ttf"; sourceTree = "<group>"; };
		FE11863D2A658AA7007E9DFA /* Pretendard-Medium.ttf */ = {isa = PBXFileReference; lastKnownFileType = file; path = "Pretendard-Medium.ttf"; sourceTree = "<group>"; };
/* End PBXFileReference section */

/* Begin PBXFrameworksBuildPhase section */
		D53A21632A5C27F700D3516F /* Frameworks */ = {
			isa = PBXFrameworksBuildPhase;
			buildActionMask = 2147483647;
			files = (
				D5FE31FE2A650CA0000B284D /* RxSwift in Frameworks */,
				D5FE31FC2A650CA0000B284D /* RxRelay in Frameworks */,
				D5FE32012A651014000B284D /* Kingfisher in Frameworks */,
				FE1186202A643D84007E9DFA /* Then in Frameworks */,
				D5AE5D4F2A6037D4000188AF /* SnapKit in Frameworks */,
				FE1186172A642997007E9DFA /* RxKeyboard in Frameworks */,
				FE1185DB2A5EEE3A007E9DFA /* RxMoya in Frameworks */,
				D5FE31FA2A650CA0000B284D /* RxCocoa in Frameworks */,
				FE1185D92A5EEE3A007E9DFA /* Moya in Frameworks */,
				D5FE32042A651044000B284D /* Starscream in Frameworks */,
				D57E63B82A5D71DA00C40BEB /* SnapKit in Frameworks */,
				D57E63B52A5D71CC00C40BEB /* Moya in Frameworks */,
				D57E63B22A5D71B500C40BEB /* Starscream in Frameworks */,
				D5048BD22A66580200C952E9 /* Moya in Frameworks */,
				D57E63B82A5D71DA00C40BEB /* (null) in Frameworks */,
				D5048BCF2A6657D400C952E9 /* SnapKit in Frameworks */,
				D57E63B52A5D71CC00C40BEB /* (null) in Frameworks */,
				D5048BCA2A6657C300C952E9 /* RxRelay in Frameworks */,
				D57E63B22A5D71B500C40BEB /* (null) in Frameworks */,
				D5048BD42A66580200C952E9 /* RxMoya in Frameworks */,
				D5048BD72A66584300C952E9 /* Lottie in Frameworks */,
				D5048BC82A6657C300C952E9 /* RxCocoa in Frameworks */,
				D5FE31FE2A650CA0000B284D /* (null) in Frameworks */,
				D5FE31FC2A650CA0000B284D /* (null) in Frameworks */,
				D5FE32012A651014000B284D /* (null) in Frameworks */,
				D5AE5D4F2A6037D4000188AF /* (null) in Frameworks */,
				FE1185DB2A5EEE3A007E9DFA /* (null) in Frameworks */,
				D5FE31FA2A650CA0000B284D /* (null) in Frameworks */,
				FE1185D92A5EEE3A007E9DFA /* (null) in Frameworks */,
				D5048BCC2A6657C300C952E9 /* RxSwift in Frameworks */,
				D5FE32042A651044000B284D /* (null) in Frameworks */,
				D5048BC52A6657AA00C952E9 /* Starscream in Frameworks */,
			);
			runOnlyForDeploymentPostprocessing = 0;
		};
		D53A21792A5C27F800D3516F /* Frameworks */ = {
			isa = PBXFrameworksBuildPhase;
			buildActionMask = 2147483647;
			files = (
			);
			runOnlyForDeploymentPostprocessing = 0;
		};
		D53A21832A5C27F800D3516F /* Frameworks */ = {
			isa = PBXFrameworksBuildPhase;
			buildActionMask = 2147483647;
			files = (
			);
			runOnlyForDeploymentPostprocessing = 0;
		};
/* End PBXFrameworksBuildPhase section */

/* Begin PBXGroup section */
		D5048BD82A665EB200C952E9 /* DesignUtil */ = {
			isa = PBXGroup;
			children = (
				D5048BD92A665EE700C952E9 /* UIColor+Extension.swift */,
				D5048BDB2A66620600C952E9 /* UIImage+Extension.swift */,
			);
			path = DesignUtil;
			sourceTree = "<group>";
		};
		D53A215D2A5C27F700D3516F = {
			isa = PBXGroup;
			children = (
				D53A21682A5C27F700D3516F /* Falling */,
				D53A217F2A5C27F800D3516F /* FallingTests */,
				D53A21892A5C27F800D3516F /* FallingUITests */,
				D53A21672A5C27F700D3516F /* Products */,
			);
			sourceTree = "<group>";
		};
		D53A21672A5C27F700D3516F /* Products */ = {
			isa = PBXGroup;
			children = (
				D53A21662A5C27F700D3516F /* Falling.app */,
				D53A217C2A5C27F800D3516F /* FallingTests.xctest */,
				D53A21862A5C27F800D3516F /* FallingUITests.xctest */,
			);
			name = Products;
			sourceTree = "<group>";
		};
		D53A21682A5C27F700D3516F /* Falling */ = {
			isa = PBXGroup;
			children = (
				FE11861B2A6436A5007E9DFA /* DesignUtil */,
				D5048BD82A665EB200C952E9 /* DesignUtil */,
				D53A219B2A5C29A600D3516F /* DataLayer */,
				D53A219A2A5C282100D3516F /* Feature */,
				D53A21992A5C281400D3516F /* Common */,
				D53A21692A5C27F700D3516F /* AppDelegate.swift */,
				D53A216B2A5C27F700D3516F /* SceneDelegate.swift */,
				D53A219F2A5C2DCF00D3516F /* SplashViewController.swift */,
				D53A21722A5C27F800D3516F /* Assets.xcassets */,
				D53A21742A5C27F800D3516F /* LaunchScreen.storyboard */,
				D53A21772A5C27F800D3516F /* Info.plist */,
			);
			indentWidth = 4;
			path = Falling;
			sourceTree = "<group>";
			tabWidth = 4;
		};
		D53A217F2A5C27F800D3516F /* FallingTests */ = {
			isa = PBXGroup;
			children = (
				D53A21802A5C27F800D3516F /* FallingTests.swift */,
			);
			path = FallingTests;
			sourceTree = "<group>";
		};
		D53A21892A5C27F800D3516F /* FallingUITests */ = {
			isa = PBXGroup;
			children = (
				D53A218A2A5C27F800D3516F /* FallingUITests.swift */,
				D53A218C2A5C27F800D3516F /* FallingUITestsLaunchTests.swift */,
			);
			path = FallingUITests;
			sourceTree = "<group>";
		};
		D53A21992A5C281400D3516F /* Common */ = {
			isa = PBXGroup;
			children = (
			);
			path = Common;
			sourceTree = "<group>";
		};
		D53A219A2A5C282100D3516F /* Feature */ = {
			isa = PBXGroup;
			children = (
				FE1186122A642937007E9DFA /* SignUp */,
				D53A219D2A5C29D300D3516F /* Chat */,
			);
			path = Feature;
			sourceTree = "<group>";
		};
		D53A219B2A5C29A600D3516F /* DataLayer */ = {
			isa = PBXGroup;
			children = (
				D53A21A82A5C2F5800D3516F /* API */,
				D53A21A12A5C2EAF00D3516F /* Network */,
			);
			path = DataLayer;
			sourceTree = "<group>";
		};
		D53A219D2A5C29D300D3516F /* Chat */ = {
			isa = PBXGroup;
			children = (
				D57E63AF2A5D18DF00C40BEB /* Chatting */,
				D57E63AE2A5D18DA00C40BEB /* List */,
			);
			path = Chat;
			sourceTree = "<group>";
		};
		D53A21A12A5C2EAF00D3516F /* Network */ = {
			isa = PBXGroup;
			children = (
				D5B6BD432A5C351200668C16 /* BaseTargetType.swift */,
				D5B6BD452A5C35D100668C16 /* ResponseData.swift */,
				D5B6BD472A5C370C00668C16 /* Networkable.swift */,
				D5B6BD492A5C372B00668C16 /* NetworkLoggerPlugin.swift */,
				D57E63AA2A5D159B00C40BEB /* APIError.swift */,
			);
			path = Network;
			sourceTree = "<group>";
		};
		D53A21A82A5C2F5800D3516F /* API */ = {
			isa = PBXGroup;
			children = (
				D5B6BD4D2A5C37FA00668C16 /* User */,
			);
			path = API;
			sourceTree = "<group>";
		};
		D57E63AE2A5D18DA00C40BEB /* List */ = {
			isa = PBXGroup;
			children = (
				D57E63AC2A5D18D000C40BEB /* ChatListViewController.swift */,
			);
			path = List;
			sourceTree = "<group>";
		};
		D57E63AF2A5D18DF00C40BEB /* Chatting */ = {
			isa = PBXGroup;
			children = (
			);
			path = Chatting;
			sourceTree = "<group>";
		};
		D5B6BD4D2A5C37FA00668C16 /* User */ = {
			isa = PBXGroup;
			children = (
				D5B6BD4B2A5C37F000668C16 /* UserAPI.swift */,
				D5B6BD4E2A5C380C00668C16 /* UserTarget.swift */,
				D5B6BD502A5C40EA00668C16 /* UserRequest.swift */,
			);
			path = User;
			sourceTree = "<group>";
		};
		FE1186122A642937007E9DFA /* SignUp */ = {
			isa = PBXGroup;
			children = (
				FE1186132A642960007E9DFA /* SignUpRootViewController.swift */,
			);
			path = SignUp;
			sourceTree = "<group>";
		};
		FE11861B2A6436A5007E9DFA /* DesignUtil */ = {
			isa = PBXGroup;
			children = (
				FE1186382A658A95007E9DFA /* Font */,
				FE1186362A658A3B007E9DFA /* UIFont+Extension.swift */,
			);
			path = DesignUtil;
			sourceTree = "<group>";
		};
		FE1186382A658A95007E9DFA /* Font */ = {
			isa = PBXGroup;
			children = (
				FE1186392A658AA7007E9DFA /* Pretendard-Regular.ttf */,
				FE11863D2A658AA7007E9DFA /* Pretendard-Medium.ttf */,
				FE11863C2A658AA7007E9DFA /* Pretendard-SemiBold.ttf */,
				FE11863B2A658AA7007E9DFA /* Pretendard-Bold.ttf */,
				FE11863A2A658AA7007E9DFA /* Pretendard-ExtraBold.ttf */,
			);
			path = Font;
			sourceTree = "<group>";
		};
/* End PBXGroup section */

/* Begin PBXNativeTarget section */
		D53A21652A5C27F700D3516F /* Falling */ = {
			isa = PBXNativeTarget;
			buildConfigurationList = D53A21902A5C27F800D3516F /* Build configuration list for PBXNativeTarget "Falling" */;
			buildPhases = (
				D53A21622A5C27F700D3516F /* Sources */,
				D53A21632A5C27F700D3516F /* Frameworks */,
				D53A21642A5C27F700D3516F /* Resources */,
			);
			buildRules = (
			);
			dependencies = (
			);
			name = Falling;
			packageProductDependencies = (
				FE1185D82A5EEE3A007E9DFA /* Moya */,
				FE1185DA2A5EEE3A007E9DFA /* RxMoya */,
				D5AE5D4E2A6037D4000188AF /* SnapKit */,
				D5FE31F92A650CA0000B284D /* RxCocoa */,
				D5FE31FB2A650CA0000B284D /* RxRelay */,
				D5FE31FD2A650CA0000B284D /* RxSwift */,
				D5FE32002A651014000B284D /* Kingfisher */,
				D5FE32032A651044000B284D /* Starscream */,
				FE1186162A642997007E9DFA /* RxKeyboard */,
				FE11861F2A643D84007E9DFA /* Then */,
				D57E63B12A5D71B500C40BEB /* Starscream */,
				D57E63B42A5D71CC00C40BEB /* Moya */,
				D57E63B72A5D71DA00C40BEB /* SnapKit */,
				D5048BC42A6657AA00C952E9 /* Starscream */,
				D5048BC72A6657C300C952E9 /* RxCocoa */,
				D5048BC92A6657C300C952E9 /* RxRelay */,
				D5048BCB2A6657C300C952E9 /* RxSwift */,
				D5048BCE2A6657D400C952E9 /* SnapKit */,
				D5048BD12A66580200C952E9 /* Moya */,
				D5048BD32A66580200C952E9 /* RxMoya */,
				D5048BD62A66584300C952E9 /* Lottie */,
			);
			productName = Falling;
			productReference = D53A21662A5C27F700D3516F /* Falling.app */;
			productType = "com.apple.product-type.application";
		};
		D53A217B2A5C27F800D3516F /* FallingTests */ = {
			isa = PBXNativeTarget;
			buildConfigurationList = D53A21932A5C27F800D3516F /* Build configuration list for PBXNativeTarget "FallingTests" */;
			buildPhases = (
				D53A21782A5C27F800D3516F /* Sources */,
				D53A21792A5C27F800D3516F /* Frameworks */,
				D53A217A2A5C27F800D3516F /* Resources */,
			);
			buildRules = (
			);
			dependencies = (
				D53A217E2A5C27F800D3516F /* PBXTargetDependency */,
			);
			name = FallingTests;
			productName = FallingTests;
			productReference = D53A217C2A5C27F800D3516F /* FallingTests.xctest */;
			productType = "com.apple.product-type.bundle.unit-test";
		};
		D53A21852A5C27F800D3516F /* FallingUITests */ = {
			isa = PBXNativeTarget;
			buildConfigurationList = D53A21962A5C27F800D3516F /* Build configuration list for PBXNativeTarget "FallingUITests" */;
			buildPhases = (
				D53A21822A5C27F800D3516F /* Sources */,
				D53A21832A5C27F800D3516F /* Frameworks */,
				D53A21842A5C27F800D3516F /* Resources */,
			);
			buildRules = (
			);
			dependencies = (
				D53A21882A5C27F800D3516F /* PBXTargetDependency */,
			);
			name = FallingUITests;
			productName = FallingUITests;
			productReference = D53A21862A5C27F800D3516F /* FallingUITests.xctest */;
			productType = "com.apple.product-type.bundle.ui-testing";
		};
/* End PBXNativeTarget section */

/* Begin PBXProject section */
		D53A215E2A5C27F700D3516F /* Project object */ = {
			isa = PBXProject;
			attributes = {
				BuildIndependentTargetsInParallel = 1;
				LastSwiftUpdateCheck = 1410;
				LastUpgradeCheck = 1410;
				TargetAttributes = {
					D53A21652A5C27F700D3516F = {
						CreatedOnToolsVersion = 14.1;
					};
					D53A217B2A5C27F800D3516F = {
						CreatedOnToolsVersion = 14.1;
						TestTargetID = D53A21652A5C27F700D3516F;
					};
					D53A21852A5C27F800D3516F = {
						CreatedOnToolsVersion = 14.1;
						TestTargetID = D53A21652A5C27F700D3516F;
					};
				};
			};
			buildConfigurationList = D53A21612A5C27F700D3516F /* Build configuration list for PBXProject "Falling" */;
			compatibilityVersion = "Xcode 14.0";
			developmentRegion = en;
			hasScannedForEncodings = 0;
			knownRegions = (
				en,
				Base,
			);
			mainGroup = D53A215D2A5C27F700D3516F;
			packageReferences = (
				FE1185D72A5EEE3A007E9DFA /* XCRemoteSwiftPackageReference "Moya" */,
				D5AE5D4D2A6037D4000188AF /* XCRemoteSwiftPackageReference "SnapKit" */,
				D5FE31F82A650CA0000B284D /* XCRemoteSwiftPackageReference "RxSwift" */,
				D5FE31FF2A651014000B284D /* XCRemoteSwiftPackageReference "Kingfisher" */,
				D5FE32022A651044000B284D /* XCRemoteSwiftPackageReference "Starscream" */,
				FE1186152A642997007E9DFA /* XCRemoteSwiftPackageReference "RxKeyboard" */,
				FE11861E2A643D84007E9DFA /* XCRemoteSwiftPackageReference "Then" */,
				D57E63B02A5D71B500C40BEB /* XCRemoteSwiftPackageReference "Starscream" */,
				D57E63B32A5D71CC00C40BEB /* XCRemoteSwiftPackageReference "Moya" */,
				D57E63B62A5D71DA00C40BEB /* XCRemoteSwiftPackageReference "SnapKit" */,
				D5048BC32A6657AA00C952E9 /* XCRemoteSwiftPackageReference "Starscream" */,
				D5048BC62A6657C300C952E9 /* XCRemoteSwiftPackageReference "RxSwift" */,
				D5048BCD2A6657D400C952E9 /* XCRemoteSwiftPackageReference "SnapKit" */,
				D5048BD02A66580200C952E9 /* XCRemoteSwiftPackageReference "Moya" */,
				D5048BD52A66584300C952E9 /* XCRemoteSwiftPackageReference "lottie-ios" */,
			);
			productRefGroup = D53A21672A5C27F700D3516F /* Products */;
			projectDirPath = "";
			projectRoot = "";
			targets = (
				D53A21652A5C27F700D3516F /* Falling */,
				D53A217B2A5C27F800D3516F /* FallingTests */,
				D53A21852A5C27F800D3516F /* FallingUITests */,
			);
		};
/* End PBXProject section */

/* Begin PBXResourcesBuildPhase section */
		D53A21642A5C27F700D3516F /* Resources */ = {
			isa = PBXResourcesBuildPhase;
			buildActionMask = 2147483647;
			files = (
				FE1186412A658AA8007E9DFA /* Pretendard-SemiBold.ttf in Resources */,
				D53A21762A5C27F800D3516F /* LaunchScreen.storyboard in Resources */,
				FE1186402A658AA8007E9DFA /* Pretendard-Bold.ttf in Resources */,
				D53A21732A5C27F800D3516F /* Assets.xcassets in Resources */,
				FE11863E2A658AA8007E9DFA /* Pretendard-Regular.ttf in Resources */,
				FE1186422A658AA8007E9DFA /* Pretendard-Medium.ttf in Resources */,
				FE11863F2A658AA8007E9DFA /* Pretendard-ExtraBold.ttf in Resources */,
			);
			runOnlyForDeploymentPostprocessing = 0;
		};
		D53A217A2A5C27F800D3516F /* Resources */ = {
			isa = PBXResourcesBuildPhase;
			buildActionMask = 2147483647;
			files = (
			);
			runOnlyForDeploymentPostprocessing = 0;
		};
		D53A21842A5C27F800D3516F /* Resources */ = {
			isa = PBXResourcesBuildPhase;
			buildActionMask = 2147483647;
			files = (
			);
			runOnlyForDeploymentPostprocessing = 0;
		};
/* End PBXResourcesBuildPhase section */

/* Begin PBXSourcesBuildPhase section */
		D53A21622A5C27F700D3516F /* Sources */ = {
			isa = PBXSourcesBuildPhase;
			buildActionMask = 2147483647;
			files = (
				FE1186372A658A3B007E9DFA /* UIFont+Extension.swift in Sources */,
				D53A21A02A5C2DCF00D3516F /* SplashViewController.swift in Sources */,
				D5048BDC2A66620600C952E9 /* UIImage+Extension.swift in Sources */,
				D5B6BD4C2A5C37F000668C16 /* UserAPI.swift in Sources */,
				FE1186142A642960007E9DFA /* SignUpRootViewController.swift in Sources */,
				D53A216A2A5C27F700D3516F /* AppDelegate.swift in Sources */,
				D5B6BD4F2A5C380C00668C16 /* UserTarget.swift in Sources */,
				D5B6BD462A5C35D100668C16 /* ResponseData.swift in Sources */,
				D53A216C2A5C27F700D3516F /* SceneDelegate.swift in Sources */,
				D57E63AD2A5D18D000C40BEB /* ChatListViewController.swift in Sources */,
				D5B6BD482A5C370C00668C16 /* Networkable.swift in Sources */,
				D5B6BD442A5C351200668C16 /* BaseTargetType.swift in Sources */,
				D5B6BD512A5C40EA00668C16 /* UserRequest.swift in Sources */,
				D5048BDA2A665EE700C952E9 /* UIColor+Extension.swift in Sources */,
				D5B6BD4A2A5C372B00668C16 /* NetworkLoggerPlugin.swift in Sources */,
				D57E63AB2A5D159B00C40BEB /* APIError.swift in Sources */,
			);
			runOnlyForDeploymentPostprocessing = 0;
		};
		D53A21782A5C27F800D3516F /* Sources */ = {
			isa = PBXSourcesBuildPhase;
			buildActionMask = 2147483647;
			files = (
				D53A21812A5C27F800D3516F /* FallingTests.swift in Sources */,
			);
			runOnlyForDeploymentPostprocessing = 0;
		};
		D53A21822A5C27F800D3516F /* Sources */ = {
			isa = PBXSourcesBuildPhase;
			buildActionMask = 2147483647;
			files = (
				D53A218D2A5C27F800D3516F /* FallingUITestsLaunchTests.swift in Sources */,
				D53A218B2A5C27F800D3516F /* FallingUITests.swift in Sources */,
			);
			runOnlyForDeploymentPostprocessing = 0;
		};
/* End PBXSourcesBuildPhase section */

/* Begin PBXTargetDependency section */
		D53A217E2A5C27F800D3516F /* PBXTargetDependency */ = {
			isa = PBXTargetDependency;
			target = D53A21652A5C27F700D3516F /* Falling */;
			targetProxy = D53A217D2A5C27F800D3516F /* PBXContainerItemProxy */;
		};
		D53A21882A5C27F800D3516F /* PBXTargetDependency */ = {
			isa = PBXTargetDependency;
			target = D53A21652A5C27F700D3516F /* Falling */;
			targetProxy = D53A21872A5C27F800D3516F /* PBXContainerItemProxy */;
		};
/* End PBXTargetDependency section */

/* Begin PBXVariantGroup section */
		D53A21742A5C27F800D3516F /* LaunchScreen.storyboard */ = {
			isa = PBXVariantGroup;
			children = (
				D53A21752A5C27F800D3516F /* Base */,
			);
			name = LaunchScreen.storyboard;
			sourceTree = "<group>";
		};
/* End PBXVariantGroup section */

/* Begin XCBuildConfiguration section */
		D53A218E2A5C27F800D3516F /* Debug */ = {
			isa = XCBuildConfiguration;
			buildSettings = {
				ALWAYS_SEARCH_USER_PATHS = NO;
				CLANG_ANALYZER_NONNULL = YES;
				CLANG_ANALYZER_NUMBER_OBJECT_CONVERSION = YES_AGGRESSIVE;
				CLANG_CXX_LANGUAGE_STANDARD = "gnu++20";
				CLANG_ENABLE_MODULES = YES;
				CLANG_ENABLE_OBJC_ARC = YES;
				CLANG_ENABLE_OBJC_WEAK = YES;
				CLANG_WARN_BLOCK_CAPTURE_AUTORELEASING = YES;
				CLANG_WARN_BOOL_CONVERSION = YES;
				CLANG_WARN_COMMA = YES;
				CLANG_WARN_CONSTANT_CONVERSION = YES;
				CLANG_WARN_DEPRECATED_OBJC_IMPLEMENTATIONS = YES;
				CLANG_WARN_DIRECT_OBJC_ISA_USAGE = YES_ERROR;
				CLANG_WARN_DOCUMENTATION_COMMENTS = YES;
				CLANG_WARN_EMPTY_BODY = YES;
				CLANG_WARN_ENUM_CONVERSION = YES;
				CLANG_WARN_INFINITE_RECURSION = YES;
				CLANG_WARN_INT_CONVERSION = YES;
				CLANG_WARN_NON_LITERAL_NULL_CONVERSION = YES;
				CLANG_WARN_OBJC_IMPLICIT_RETAIN_SELF = YES;
				CLANG_WARN_OBJC_LITERAL_CONVERSION = YES;
				CLANG_WARN_OBJC_ROOT_CLASS = YES_ERROR;
				CLANG_WARN_QUOTED_INCLUDE_IN_FRAMEWORK_HEADER = YES;
				CLANG_WARN_RANGE_LOOP_ANALYSIS = YES;
				CLANG_WARN_STRICT_PROTOTYPES = YES;
				CLANG_WARN_SUSPICIOUS_MOVE = YES;
				CLANG_WARN_UNGUARDED_AVAILABILITY = YES_AGGRESSIVE;
				CLANG_WARN_UNREACHABLE_CODE = YES;
				CLANG_WARN__DUPLICATE_METHOD_MATCH = YES;
				COPY_PHASE_STRIP = NO;
				DEBUG_INFORMATION_FORMAT = dwarf;
				ENABLE_STRICT_OBJC_MSGSEND = YES;
				ENABLE_TESTABILITY = YES;
				GCC_C_LANGUAGE_STANDARD = gnu11;
				GCC_DYNAMIC_NO_PIC = NO;
				GCC_NO_COMMON_BLOCKS = YES;
				GCC_OPTIMIZATION_LEVEL = 0;
				GCC_PREPROCESSOR_DEFINITIONS = (
					"DEBUG=1",
					"$(inherited)",
				);
				GCC_WARN_64_TO_32_BIT_CONVERSION = YES;
				GCC_WARN_ABOUT_RETURN_TYPE = YES_ERROR;
				GCC_WARN_UNDECLARED_SELECTOR = YES;
				GCC_WARN_UNINITIALIZED_AUTOS = YES_AGGRESSIVE;
				GCC_WARN_UNUSED_FUNCTION = YES;
				GCC_WARN_UNUSED_VARIABLE = YES;
				IPHONEOS_DEPLOYMENT_TARGET = 16.1;
				MTL_ENABLE_DEBUG_INFO = INCLUDE_SOURCE;
				MTL_FAST_MATH = YES;
				ONLY_ACTIVE_ARCH = YES;
				SDKROOT = iphoneos;
				SWIFT_ACTIVE_COMPILATION_CONDITIONS = DEBUG;
				SWIFT_OPTIMIZATION_LEVEL = "-Onone";
			};
			name = Debug;
		};
		D53A218F2A5C27F800D3516F /* Release */ = {
			isa = XCBuildConfiguration;
			buildSettings = {
				ALWAYS_SEARCH_USER_PATHS = NO;
				CLANG_ANALYZER_NONNULL = YES;
				CLANG_ANALYZER_NUMBER_OBJECT_CONVERSION = YES_AGGRESSIVE;
				CLANG_CXX_LANGUAGE_STANDARD = "gnu++20";
				CLANG_ENABLE_MODULES = YES;
				CLANG_ENABLE_OBJC_ARC = YES;
				CLANG_ENABLE_OBJC_WEAK = YES;
				CLANG_WARN_BLOCK_CAPTURE_AUTORELEASING = YES;
				CLANG_WARN_BOOL_CONVERSION = YES;
				CLANG_WARN_COMMA = YES;
				CLANG_WARN_CONSTANT_CONVERSION = YES;
				CLANG_WARN_DEPRECATED_OBJC_IMPLEMENTATIONS = YES;
				CLANG_WARN_DIRECT_OBJC_ISA_USAGE = YES_ERROR;
				CLANG_WARN_DOCUMENTATION_COMMENTS = YES;
				CLANG_WARN_EMPTY_BODY = YES;
				CLANG_WARN_ENUM_CONVERSION = YES;
				CLANG_WARN_INFINITE_RECURSION = YES;
				CLANG_WARN_INT_CONVERSION = YES;
				CLANG_WARN_NON_LITERAL_NULL_CONVERSION = YES;
				CLANG_WARN_OBJC_IMPLICIT_RETAIN_SELF = YES;
				CLANG_WARN_OBJC_LITERAL_CONVERSION = YES;
				CLANG_WARN_OBJC_ROOT_CLASS = YES_ERROR;
				CLANG_WARN_QUOTED_INCLUDE_IN_FRAMEWORK_HEADER = YES;
				CLANG_WARN_RANGE_LOOP_ANALYSIS = YES;
				CLANG_WARN_STRICT_PROTOTYPES = YES;
				CLANG_WARN_SUSPICIOUS_MOVE = YES;
				CLANG_WARN_UNGUARDED_AVAILABILITY = YES_AGGRESSIVE;
				CLANG_WARN_UNREACHABLE_CODE = YES;
				CLANG_WARN__DUPLICATE_METHOD_MATCH = YES;
				COPY_PHASE_STRIP = NO;
				DEBUG_INFORMATION_FORMAT = "dwarf-with-dsym";
				ENABLE_NS_ASSERTIONS = NO;
				ENABLE_STRICT_OBJC_MSGSEND = YES;
				GCC_C_LANGUAGE_STANDARD = gnu11;
				GCC_NO_COMMON_BLOCKS = YES;
				GCC_WARN_64_TO_32_BIT_CONVERSION = YES;
				GCC_WARN_ABOUT_RETURN_TYPE = YES_ERROR;
				GCC_WARN_UNDECLARED_SELECTOR = YES;
				GCC_WARN_UNINITIALIZED_AUTOS = YES_AGGRESSIVE;
				GCC_WARN_UNUSED_FUNCTION = YES;
				GCC_WARN_UNUSED_VARIABLE = YES;
				IPHONEOS_DEPLOYMENT_TARGET = 16.1;
				MTL_ENABLE_DEBUG_INFO = NO;
				MTL_FAST_MATH = YES;
				SDKROOT = iphoneos;
				SWIFT_COMPILATION_MODE = wholemodule;
				SWIFT_OPTIMIZATION_LEVEL = "-O";
				VALIDATE_PRODUCT = YES;
			};
			name = Release;
		};
		D53A21912A5C27F800D3516F /* Debug */ = {
			isa = XCBuildConfiguration;
			buildSettings = {
				ASSETCATALOG_COMPILER_APPICON_NAME = AppIcon;
				ASSETCATALOG_COMPILER_GLOBAL_ACCENT_COLOR_NAME = AccentColor;
				CODE_SIGN_STYLE = Automatic;
				CURRENT_PROJECT_VERSION = 1;
				DEVELOPMENT_TEAM = SJDR485DTV;
				GENERATE_INFOPLIST_FILE = YES;
				INFOPLIST_FILE = Falling/Info.plist;
				INFOPLIST_KEY_UIApplicationSupportsIndirectInputEvents = YES;
				INFOPLIST_KEY_UILaunchStoryboardName = LaunchScreen;
				INFOPLIST_KEY_UISupportedInterfaceOrientations = UIInterfaceOrientationPortrait;
				INFOPLIST_KEY_UISupportedInterfaceOrientations_iPad = "UIInterfaceOrientationLandscapeLeft UIInterfaceOrientationLandscapeRight UIInterfaceOrientationPortraitUpsideDown";
				LD_RUNPATH_SEARCH_PATHS = (
					"$(inherited)",
					"@executable_path/Frameworks",
				);
				MARKETING_VERSION = 1.0;
				PRODUCT_BUNDLE_IDENTIFIER = com.tht.falling.Falling;
				PRODUCT_NAME = "$(TARGET_NAME)";
				SUPPORTED_PLATFORMS = "iphoneos iphonesimulator";
				SUPPORTS_MACCATALYST = NO;
				SUPPORTS_MAC_DESIGNED_FOR_IPHONE_IPAD = NO;
				SWIFT_EMIT_LOC_STRINGS = YES;
				SWIFT_VERSION = 5.0;
				TARGETED_DEVICE_FAMILY = 1;
			};
			name = Debug;
		};
		D53A21922A5C27F800D3516F /* Release */ = {
			isa = XCBuildConfiguration;
			buildSettings = {
				ASSETCATALOG_COMPILER_APPICON_NAME = AppIcon;
				ASSETCATALOG_COMPILER_GLOBAL_ACCENT_COLOR_NAME = AccentColor;
				CODE_SIGN_STYLE = Automatic;
				CURRENT_PROJECT_VERSION = 1;
				DEVELOPMENT_TEAM = SJDR485DTV;
				GENERATE_INFOPLIST_FILE = YES;
				INFOPLIST_FILE = Falling/Info.plist;
				INFOPLIST_KEY_UIApplicationSupportsIndirectInputEvents = YES;
				INFOPLIST_KEY_UILaunchStoryboardName = LaunchScreen;
				INFOPLIST_KEY_UISupportedInterfaceOrientations = UIInterfaceOrientationPortrait;
				INFOPLIST_KEY_UISupportedInterfaceOrientations_iPad = "UIInterfaceOrientationLandscapeLeft UIInterfaceOrientationLandscapeRight UIInterfaceOrientationPortraitUpsideDown";
				LD_RUNPATH_SEARCH_PATHS = (
					"$(inherited)",
					"@executable_path/Frameworks",
				);
				MARKETING_VERSION = 1.0;
				PRODUCT_BUNDLE_IDENTIFIER = com.tht.falling.Falling;
				PRODUCT_NAME = "$(TARGET_NAME)";
				SUPPORTED_PLATFORMS = "iphoneos iphonesimulator";
				SUPPORTS_MACCATALYST = NO;
				SUPPORTS_MAC_DESIGNED_FOR_IPHONE_IPAD = NO;
				SWIFT_EMIT_LOC_STRINGS = YES;
				SWIFT_VERSION = 5.0;
				TARGETED_DEVICE_FAMILY = 1;
			};
			name = Release;
		};
		D53A21942A5C27F800D3516F /* Debug */ = {
			isa = XCBuildConfiguration;
			buildSettings = {
				ALWAYS_EMBED_SWIFT_STANDARD_LIBRARIES = YES;
				BUNDLE_LOADER = "$(TEST_HOST)";
				CODE_SIGN_STYLE = Automatic;
				CURRENT_PROJECT_VERSION = 1;
				GENERATE_INFOPLIST_FILE = YES;
				IPHONEOS_DEPLOYMENT_TARGET = 16.1;
				MARKETING_VERSION = 1.0;
				PRODUCT_BUNDLE_IDENTIFIER = com.tht.falling.FallingTests;
				PRODUCT_NAME = "$(TARGET_NAME)";
				SWIFT_EMIT_LOC_STRINGS = NO;
				SWIFT_VERSION = 5.0;
				TARGETED_DEVICE_FAMILY = "1,2";
				TEST_HOST = "$(BUILT_PRODUCTS_DIR)/Falling.app/$(BUNDLE_EXECUTABLE_FOLDER_PATH)/Falling";
			};
			name = Debug;
		};
		D53A21952A5C27F800D3516F /* Release */ = {
			isa = XCBuildConfiguration;
			buildSettings = {
				ALWAYS_EMBED_SWIFT_STANDARD_LIBRARIES = YES;
				BUNDLE_LOADER = "$(TEST_HOST)";
				CODE_SIGN_STYLE = Automatic;
				CURRENT_PROJECT_VERSION = 1;
				GENERATE_INFOPLIST_FILE = YES;
				IPHONEOS_DEPLOYMENT_TARGET = 16.1;
				MARKETING_VERSION = 1.0;
				PRODUCT_BUNDLE_IDENTIFIER = com.tht.falling.FallingTests;
				PRODUCT_NAME = "$(TARGET_NAME)";
				SWIFT_EMIT_LOC_STRINGS = NO;
				SWIFT_VERSION = 5.0;
				TARGETED_DEVICE_FAMILY = "1,2";
				TEST_HOST = "$(BUILT_PRODUCTS_DIR)/Falling.app/$(BUNDLE_EXECUTABLE_FOLDER_PATH)/Falling";
			};
			name = Release;
		};
		D53A21972A5C27F800D3516F /* Debug */ = {
			isa = XCBuildConfiguration;
			buildSettings = {
				ALWAYS_EMBED_SWIFT_STANDARD_LIBRARIES = YES;
				CODE_SIGN_STYLE = Automatic;
				CURRENT_PROJECT_VERSION = 1;
				GENERATE_INFOPLIST_FILE = YES;
				MARKETING_VERSION = 1.0;
				PRODUCT_BUNDLE_IDENTIFIER = com.tht.falling.FallingUITests;
				PRODUCT_NAME = "$(TARGET_NAME)";
				SWIFT_EMIT_LOC_STRINGS = NO;
				SWIFT_VERSION = 5.0;
				TARGETED_DEVICE_FAMILY = "1,2";
				TEST_TARGET_NAME = Falling;
			};
			name = Debug;
		};
		D53A21982A5C27F800D3516F /* Release */ = {
			isa = XCBuildConfiguration;
			buildSettings = {
				ALWAYS_EMBED_SWIFT_STANDARD_LIBRARIES = YES;
				CODE_SIGN_STYLE = Automatic;
				CURRENT_PROJECT_VERSION = 1;
				GENERATE_INFOPLIST_FILE = YES;
				MARKETING_VERSION = 1.0;
				PRODUCT_BUNDLE_IDENTIFIER = com.tht.falling.FallingUITests;
				PRODUCT_NAME = "$(TARGET_NAME)";
				SWIFT_EMIT_LOC_STRINGS = NO;
				SWIFT_VERSION = 5.0;
				TARGETED_DEVICE_FAMILY = "1,2";
				TEST_TARGET_NAME = Falling;
			};
			name = Release;
		};
/* End XCBuildConfiguration section */

/* Begin XCConfigurationList section */
		D53A21612A5C27F700D3516F /* Build configuration list for PBXProject "Falling" */ = {
			isa = XCConfigurationList;
			buildConfigurations = (
				D53A218E2A5C27F800D3516F /* Debug */,
				D53A218F2A5C27F800D3516F /* Release */,
			);
			defaultConfigurationIsVisible = 0;
			defaultConfigurationName = Release;
		};
		D53A21902A5C27F800D3516F /* Build configuration list for PBXNativeTarget "Falling" */ = {
			isa = XCConfigurationList;
			buildConfigurations = (
				D53A21912A5C27F800D3516F /* Debug */,
				D53A21922A5C27F800D3516F /* Release */,
			);
			defaultConfigurationIsVisible = 0;
			defaultConfigurationName = Release;
		};
		D53A21932A5C27F800D3516F /* Build configuration list for PBXNativeTarget "FallingTests" */ = {
			isa = XCConfigurationList;
			buildConfigurations = (
				D53A21942A5C27F800D3516F /* Debug */,
				D53A21952A5C27F800D3516F /* Release */,
			);
			defaultConfigurationIsVisible = 0;
			defaultConfigurationName = Release;
		};
		D53A21962A5C27F800D3516F /* Build configuration list for PBXNativeTarget "FallingUITests" */ = {
			isa = XCConfigurationList;
			buildConfigurations = (
				D53A21972A5C27F800D3516F /* Debug */,
				D53A21982A5C27F800D3516F /* Release */,
			);
			defaultConfigurationIsVisible = 0;
			defaultConfigurationName = Release;
		};
/* End XCConfigurationList section */

/* Begin XCRemoteSwiftPackageReference section */
		D5AE5D4D2A6037D4000188AF /* XCRemoteSwiftPackageReference "SnapKit" */ = {
		D5048BC32A6657AA00C952E9 /* XCRemoteSwiftPackageReference "Starscream" */ = {
			isa = XCRemoteSwiftPackageReference;
			repositoryURL = "https://github.com/daltoniam/Starscream.git";
			requirement = {
				branch = master;
				kind = branch;
			};
		};
		D5048BC62A6657C300C952E9 /* XCRemoteSwiftPackageReference "RxSwift" */ = {
			isa = XCRemoteSwiftPackageReference;
			repositoryURL = "https://github.com/ReactiveX/RxSwift.git";
			requirement = {
				kind = upToNextMajorVersion;
				minimumVersion = 6.6.0;
			};
		};
		D5048BCD2A6657D400C952E9 /* XCRemoteSwiftPackageReference "SnapKit" */ = {
			isa = XCRemoteSwiftPackageReference;
			repositoryURL = "https://github.com/SnapKit/SnapKit.git";
			requirement = {
				kind = upToNextMajorVersion;
				minimumVersion = 5.0.0;
			};
		};
		D5FE31F82A650CA0000B284D /* XCRemoteSwiftPackageReference "RxSwift" */ = {
			isa = XCRemoteSwiftPackageReference;
			repositoryURL = "https://github.com/ReactiveX/RxSwift.git";
			requirement = {
				kind = exactVersion;
				version = 6.6.0;
			};
		};
		D5FE31FF2A651014000B284D /* XCRemoteSwiftPackageReference "Kingfisher" */ = {
			isa = XCRemoteSwiftPackageReference;
			repositoryURL = "https://github.com/onevcat/Kingfisher.git";
			requirement = {
				kind = upToNextMajorVersion;
				minimumVersion = 7.0.0;
			};
		};
		D5FE32022A651044000B284D /* XCRemoteSwiftPackageReference "Starscream" */ = {
		D57E63B02A5D71B500C40BEB /* XCRemoteSwiftPackageReference "Starscream" */ = {
			isa = XCRemoteSwiftPackageReference;
			repositoryURL = "https://github.com/daltoniam/Starscream.git";
			requirement = {
				kind = upToNextMajorVersion;
				minimumVersion = 4.0.0;
			};
		};
		FE1185D72A5EEE3A007E9DFA /* XCRemoteSwiftPackageReference "Moya" */ = {
		D5048BD02A66580200C952E9 /* XCRemoteSwiftPackageReference "Moya" */ = {
			isa = XCRemoteSwiftPackageReference;
			repositoryURL = "https://github.com/Moya/Moya.git";
			requirement = {
				branch = master;
				kind = branch;
			};
		};
		D5048BD52A66584300C952E9 /* XCRemoteSwiftPackageReference "lottie-ios" */ = {
			isa = XCRemoteSwiftPackageReference;
			repositoryURL = "https://github.com/airbnb/lottie-ios.git";
			requirement = {
				branch = master;
				kind = branch;
			};
		};
		FE1186152A642997007E9DFA /* XCRemoteSwiftPackageReference "RxKeyboard" */ = {
			isa = XCRemoteSwiftPackageReference;
			repositoryURL = "https://github.com/RxSwiftCommunity/RxKeyboard";
			requirement = {
				kind = upToNextMajorVersion;
				minimumVersion = 2.0.0;
			};
		};
		FE11861E2A643D84007E9DFA /* XCRemoteSwiftPackageReference "Then" */ = {
			isa = XCRemoteSwiftPackageReference;
			repositoryURL = "https://github.com/devxoul/Then.git";
			requirement = {
				kind = upToNextMajorVersion;
				minimumVersion = 3.0.0;
		D57E63B32A5D71CC00C40BEB /* XCRemoteSwiftPackageReference "Moya" */ = {
			isa = XCRemoteSwiftPackageReference;
			repositoryURL = "https://github.com/Moya/Moya.git";
			requirement = {
				branch = master;
				kind = branch;
			};
		};
		D57E63B62A5D71DA00C40BEB /* XCRemoteSwiftPackageReference "SnapKit" */ = {
			isa = XCRemoteSwiftPackageReference;
			repositoryURL = "https://github.com/SnapKit/SnapKit.git";
			requirement = {
				kind = upToNextMajorVersion;
				minimumVersion = 5.0.0;
			};
		};
/* End XCRemoteSwiftPackageReference section */

/* Begin XCSwiftPackageProductDependency section */
		D5048BC42A6657AA00C952E9 /* Starscream */ = {
			isa = XCSwiftPackageProductDependency;
			package = D5048BC32A6657AA00C952E9 /* XCRemoteSwiftPackageReference "Starscream" */;
			productName = Starscream;
		};
		D5048BC72A6657C300C952E9 /* RxCocoa */ = {
			isa = XCSwiftPackageProductDependency;
			package = D5048BC62A6657C300C952E9 /* XCRemoteSwiftPackageReference "RxSwift" */;
			productName = RxCocoa;
		};
		D5048BC92A6657C300C952E9 /* RxRelay */ = {
			isa = XCSwiftPackageProductDependency;
			package = D5048BC62A6657C300C952E9 /* XCRemoteSwiftPackageReference "RxSwift" */;
			productName = RxRelay;
		};
		D5048BCB2A6657C300C952E9 /* RxSwift */ = {
			isa = XCSwiftPackageProductDependency;
			package = D5048BC62A6657C300C952E9 /* XCRemoteSwiftPackageReference "RxSwift" */;
			productName = RxSwift;
		};
		D5048BCE2A6657D400C952E9 /* SnapKit */ = {
			isa = XCSwiftPackageProductDependency;
			package = D5048BCD2A6657D400C952E9 /* XCRemoteSwiftPackageReference "SnapKit" */;
			productName = SnapKit;
		};
		D5048BD12A66580200C952E9 /* Moya */ = {
			isa = XCSwiftPackageProductDependency;
			package = D5048BD02A66580200C952E9 /* XCRemoteSwiftPackageReference "Moya" */;
			productName = Moya;
		};
		D5048BD32A66580200C952E9 /* RxMoya */ = {
			isa = XCSwiftPackageProductDependency;
			package = D5048BD02A66580200C952E9 /* XCRemoteSwiftPackageReference "Moya" */;
			productName = RxMoya;
		};
		FE1186162A642997007E9DFA /* RxKeyboard */ = {
			isa = XCSwiftPackageProductDependency;
			package = FE1186152A642997007E9DFA /* XCRemoteSwiftPackageReference "RxKeyboard" */;
			productName = RxKeyboard;
		};
		FE11861F2A643D84007E9DFA /* Then */ = {
			isa = XCSwiftPackageProductDependency;
			package = FE11861E2A643D84007E9DFA /* XCRemoteSwiftPackageReference "Then" */;
			productName = Then;
		D57E63B12A5D71B500C40BEB /* Starscream */ = {
			isa = XCSwiftPackageProductDependency;
			package = D57E63B02A5D71B500C40BEB /* XCRemoteSwiftPackageReference "Starscream" */;
			productName = Starscream;
		};
		D57E63B42A5D71CC00C40BEB /* Moya */ = {
			isa = XCSwiftPackageProductDependency;
			package = D57E63B32A5D71CC00C40BEB /* XCRemoteSwiftPackageReference "Moya" */;
			productName = Moya;
		};
		D57E63B72A5D71DA00C40BEB /* SnapKit */ = {
			isa = XCSwiftPackageProductDependency;
			package = D57E63B62A5D71DA00C40BEB /* XCRemoteSwiftPackageReference "SnapKit" */;
			productName = SnapKit;
		D5048BD62A66584300C952E9 /* Lottie */ = {
			isa = XCSwiftPackageProductDependency;
			package = D5048BD52A66584300C952E9 /* XCRemoteSwiftPackageReference "lottie-ios" */;
			productName = Lottie;
		};
/* End XCSwiftPackageProductDependency section */
	};
	rootObject = D53A215E2A5C27F700D3516F /* Project object */;
}
